// !$*UTF8*$!
{
	archiveVersion = 1;
	classes = {
	};
	objectVersion = 46;
	objects = {

/* Begin PBXBuildFile section */
		23350EBA1AA2C6C200485199 /* SonosControllerTests.swift in Sources */ = {isa = PBXBuildFile; fileRef = 23350EB91AA2C6C200485199 /* SonosControllerTests.swift */; };
		23350EC51AA2C95C00485199 /* AppDelegate.swift in Sources */ = {isa = PBXBuildFile; fileRef = 23350EC41AA2C95C00485199 /* AppDelegate.swift */; };
		23350EC81AA2C96600485199 /* ViewController.swift in Sources */ = {isa = PBXBuildFile; fileRef = 23350EC71AA2C96500485199 /* ViewController.swift */; };
		23350ECF1AA2C97700485199 /* Main.storyboard in Resources */ = {isa = PBXBuildFile; fileRef = 23350ECB1AA2C97700485199 /* Main.storyboard */; };
		23350ED01AA2C97700485199 /* Images.xcassets in Resources */ = {isa = PBXBuildFile; fileRef = 23350ECD1AA2C97700485199 /* Images.xcassets */; };
		23350ED11AA2C97700485199 /* Info.plist in Resources */ = {isa = PBXBuildFile; fileRef = 23350ECE1AA2C97700485199 /* Info.plist */; };
		23C722A61AD879FC003AD637 /* sonos-icon-round@2x.png in Resources */ = {isa = PBXBuildFile; fileRef = 23C722A51AD879FC003AD637 /* sonos-icon-round@2x.png */; };
		23E60C781AD7A26500DC3165 /* SonosController.m in Sources */ = {isa = PBXBuildFile; fileRef = 23E60C711AD7A26500DC3165 /* SonosController.m */; };
		23E60C791AD7A26500DC3165 /* SonosDiscover.m in Sources */ = {isa = PBXBuildFile; fileRef = 23E60C731AD7A26500DC3165 /* SonosDiscover.m */; };
		23E60C7A1AD7A26500DC3165 /* SonosManager.m in Sources */ = {isa = PBXBuildFile; fileRef = 23E60C751AD7A26500DC3165 /* SonosManager.m */; };
		23E60C7B1AD7A26500DC3165 /* XMLReader.m in Sources */ = {isa = PBXBuildFile; fileRef = 23E60C771AD7A26500DC3165 /* XMLReader.m */; };
		B996BDC194E0CDD89230DF0E /* libPods.a in Frameworks */ = {isa = PBXBuildFile; fileRef = FEA388C5113BCA8FBF8162A1 /* libPods.a */; };
/* End PBXBuildFile section */

/* Begin PBXContainerItemProxy section */
		23350EB41AA2C6C200485199 /* PBXContainerItemProxy */ = {
			isa = PBXContainerItemProxy;
			containerPortal = 23350E991AA2C6C200485199 /* Project object */;
			proxyType = 1;
			remoteGlobalIDString = 23350EA01AA2C6C200485199;
			remoteInfo = SonosController;
		};
/* End PBXContainerItemProxy section */

/* Begin PBXFileReference section */
		0BEC11E1C5B092FC6661141E /* Pods.release.xcconfig */ = {isa = PBXFileReference; includeInIndex = 1; lastKnownFileType = text.xcconfig; name = Pods.release.xcconfig; path = "Pods/Target Support Files/Pods/Pods.release.xcconfig"; sourceTree = "<group>"; };
		11539C02C406E767733A578D /* Pods.debug.xcconfig */ = {isa = PBXFileReference; includeInIndex = 1; lastKnownFileType = text.xcconfig; name = Pods.debug.xcconfig; path = "Pods/Target Support Files/Pods/Pods.debug.xcconfig"; sourceTree = "<group>"; };
		23350EA11AA2C6C200485199 /* SonosController.app */ = {isa = PBXFileReference; explicitFileType = wrapper.application; includeInIndex = 0; path = SonosController.app; sourceTree = BUILT_PRODUCTS_DIR; };
		23350EB31AA2C6C200485199 /* SonosControllerTests.xctest */ = {isa = PBXFileReference; explicitFileType = wrapper.cfbundle; includeInIndex = 0; path = SonosControllerTests.xctest; sourceTree = BUILT_PRODUCTS_DIR; };
		23350EB81AA2C6C200485199 /* Info.plist */ = {isa = PBXFileReference; lastKnownFileType = text.plist.xml; path = Info.plist; sourceTree = "<group>"; };
		23350EB91AA2C6C200485199 /* SonosControllerTests.swift */ = {isa = PBXFileReference; lastKnownFileType = sourcecode.swift; path = SonosControllerTests.swift; sourceTree = "<group>"; };
		23350EC41AA2C95C00485199 /* AppDelegate.swift */ = {isa = PBXFileReference; fileEncoding = 4; lastKnownFileType = sourcecode.swift; path = AppDelegate.swift; sourceTree = "<group>"; };
		23350EC71AA2C96500485199 /* ViewController.swift */ = {isa = PBXFileReference; fileEncoding = 4; lastKnownFileType = sourcecode.swift; path = ViewController.swift; sourceTree = "<group>"; };
		23350ECC1AA2C97700485199 /* Base */ = {isa = PBXFileReference; lastKnownFileType = file.storyboard; name = Base; path = Base.lproj/Main.storyboard; sourceTree = "<group>"; };
		23350ECD1AA2C97700485199 /* Images.xcassets */ = {isa = PBXFileReference; lastKnownFileType = folder.assetcatalog; path = Images.xcassets; sourceTree = "<group>"; };
		23350ECE1AA2C97700485199 /* Info.plist */ = {isa = PBXFileReference; fileEncoding = 4; lastKnownFileType = text.plist.xml; path = Info.plist; sourceTree = "<group>"; };
		23350ED21AA2C9AA00485199 /* SonosController-Bridging-Header.h */ = {isa = PBXFileReference; fileEncoding = 4; lastKnownFileType = sourcecode.c.h; path = "SonosController-Bridging-Header.h"; sourceTree = "<group>"; };
		23C722A51AD879FC003AD637 /* sonos-icon-round@2x.png */ = {isa = PBXFileReference; lastKnownFileType = image.png; path = "sonos-icon-round@2x.png"; sourceTree = "<group>"; };
		23E60C701AD7A26500DC3165 /* SonosController.h */ = {isa = PBXFileReference; fileEncoding = 4; lastKnownFileType = sourcecode.c.h; path = SonosController.h; sourceTree = "<group>"; };
		23E60C711AD7A26500DC3165 /* SonosController.m */ = {isa = PBXFileReference; fileEncoding = 4; lastKnownFileType = sourcecode.c.objc; path = SonosController.m; sourceTree = "<group>"; };
		23E60C721AD7A26500DC3165 /* SonosDiscover.h */ = {isa = PBXFileReference; fileEncoding = 4; lastKnownFileType = sourcecode.c.h; path = SonosDiscover.h; sourceTree = "<group>"; };
		23E60C731AD7A26500DC3165 /* SonosDiscover.m */ = {isa = PBXFileReference; fileEncoding = 4; lastKnownFileType = sourcecode.c.objc; path = SonosDiscover.m; sourceTree = "<group>"; };
		23E60C741AD7A26500DC3165 /* SonosManager.h */ = {isa = PBXFileReference; fileEncoding = 4; lastKnownFileType = sourcecode.c.h; path = SonosManager.h; sourceTree = "<group>"; };
		23E60C751AD7A26500DC3165 /* SonosManager.m */ = {isa = PBXFileReference; fileEncoding = 4; lastKnownFileType = sourcecode.c.objc; path = SonosManager.m; sourceTree = "<group>"; };
		23E60C761AD7A26500DC3165 /* XMLReader.h */ = {isa = PBXFileReference; fileEncoding = 4; lastKnownFileType = sourcecode.c.h; path = XMLReader.h; sourceTree = "<group>"; };
		23E60C771AD7A26500DC3165 /* XMLReader.m */ = {isa = PBXFileReference; fileEncoding = 4; lastKnownFileType = sourcecode.c.objc; path = XMLReader.m; sourceTree = "<group>"; };
		FEA388C5113BCA8FBF8162A1 /* libPods.a */ = {isa = PBXFileReference; explicitFileType = archive.ar; includeInIndex = 0; path = libPods.a; sourceTree = BUILT_PRODUCTS_DIR; };
/* End PBXFileReference section */

/* Begin PBXFrameworksBuildPhase section */
		23350E9E1AA2C6C200485199 /* Frameworks */ = {
			isa = PBXFrameworksBuildPhase;
			buildActionMask = 2147483647;
			files = (
				B996BDC194E0CDD89230DF0E /* libPods.a in Frameworks */,
			);
			runOnlyForDeploymentPostprocessing = 0;
		};
		23350EB01AA2C6C200485199 /* Frameworks */ = {
			isa = PBXFrameworksBuildPhase;
			buildActionMask = 2147483647;
			files = (
			);
			runOnlyForDeploymentPostprocessing = 0;
		};
/* End PBXFrameworksBuildPhase section */

/* Begin PBXGroup section */
		03381111D074B9985E788C92 /* Pods */ = {
			isa = PBXGroup;
			children = (
				11539C02C406E767733A578D /* Pods.debug.xcconfig */,
				0BEC11E1C5B092FC6661141E /* Pods.release.xcconfig */,
			);
			name = Pods;
			sourceTree = "<group>";
		};
		23350E981AA2C6C200485199 = {
			isa = PBXGroup;
			children = (
				23350EC31AA2C95C00485199 /* Application */,
				23350EC61AA2C96500485199 /* Controllers */,
				23350EC91AA2C96F00485199 /* Helpers */,
				23350ECA1AA2C97700485199 /* Resources */,
				23350EB61AA2C6C200485199 /* SonosControllerTests */,
				23350EA21AA2C6C200485199 /* Products */,
				03381111D074B9985E788C92 /* Pods */,
				3E92391416F6EB835D688DC2 /* Frameworks */,
			);
			sourceTree = "<group>";
		};
		23350EA21AA2C6C200485199 /* Products */ = {
			isa = PBXGroup;
			children = (
				23350EA11AA2C6C200485199 /* SonosController.app */,
				23350EB31AA2C6C200485199 /* SonosControllerTests.xctest */,
			);
			name = Products;
			sourceTree = "<group>";
		};
		23350EB61AA2C6C200485199 /* SonosControllerTests */ = {
			isa = PBXGroup;
			children = (
				23350EB91AA2C6C200485199 /* SonosControllerTests.swift */,
				23350EB71AA2C6C200485199 /* Supporting Files */,
			);
			path = SonosControllerTests;
			sourceTree = "<group>";
		};
		23350EB71AA2C6C200485199 /* Supporting Files */ = {
			isa = PBXGroup;
			children = (
				23350EB81AA2C6C200485199 /* Info.plist */,
			);
			name = "Supporting Files";
			sourceTree = "<group>";
		};
		23350EC31AA2C95C00485199 /* Application */ = {
			isa = PBXGroup;
			children = (
				23350EC41AA2C95C00485199 /* AppDelegate.swift */,
				23350ED21AA2C9AA00485199 /* SonosController-Bridging-Header.h */,
			);
			name = Application;
			path = SonosController/Application;
			sourceTree = "<group>";
		};
		23350EC61AA2C96500485199 /* Controllers */ = {
			isa = PBXGroup;
			children = (
				23350EC71AA2C96500485199 /* ViewController.swift */,
			);
			name = Controllers;
			path = SonosController/Controllers;
			sourceTree = "<group>";
		};
		23350EC91AA2C96F00485199 /* Helpers */ = {
			isa = PBXGroup;
			children = (
				23E60C6F1AD7A26500DC3165 /* sonos-objc */,
			);
			name = Helpers;
			path = SonosController/Helpers;
			sourceTree = "<group>";
		};
		23350ECA1AA2C97700485199 /* Resources */ = {
			isa = PBXGroup;
			children = (
				23C722A51AD879FC003AD637 /* sonos-icon-round@2x.png */,
				23350ECB1AA2C97700485199 /* Main.storyboard */,
				23350ECD1AA2C97700485199 /* Images.xcassets */,
				23350ECE1AA2C97700485199 /* Info.plist */,
			);
			name = Resources;
			path = SonosController/Resources;
			sourceTree = "<group>";
		};
		23E60C6F1AD7A26500DC3165 /* sonos-objc */ = {
			isa = PBXGroup;
			children = (
				23E60C701AD7A26500DC3165 /* SonosController.h */,
				23E60C711AD7A26500DC3165 /* SonosController.m */,
				23E60C721AD7A26500DC3165 /* SonosDiscover.h */,
				23E60C731AD7A26500DC3165 /* SonosDiscover.m */,
				23E60C741AD7A26500DC3165 /* SonosManager.h */,
				23E60C751AD7A26500DC3165 /* SonosManager.m */,
				23E60C761AD7A26500DC3165 /* XMLReader.h */,
				23E60C771AD7A26500DC3165 /* XMLReader.m */,
			);
			path = "sonos-objc";
			sourceTree = "<group>";
		};
		3E92391416F6EB835D688DC2 /* Frameworks */ = {
			isa = PBXGroup;
			children = (
				FEA388C5113BCA8FBF8162A1 /* libPods.a */,
			);
			name = Frameworks;
			sourceTree = "<group>";
		};
/* End PBXGroup section */

/* Begin PBXNativeTarget section */
		23350EA01AA2C6C200485199 /* SonosController */ = {
			isa = PBXNativeTarget;
			buildConfigurationList = 23350EBD1AA2C6C200485199 /* Build configuration list for PBXNativeTarget "SonosController" */;
			buildPhases = (
				FE98B42851009B0014B7241C /* Check Pods Manifest.lock */,
				23350E9D1AA2C6C200485199 /* Sources */,
				23350E9E1AA2C6C200485199 /* Frameworks */,
				23350E9F1AA2C6C200485199 /* Resources */,
				87D881751E158DF336C0F3BF /* Copy Pods Resources */,
			);
			buildRules = (
			);
			dependencies = (
			);
			name = SonosController;
			productName = SonosController;
			productReference = 23350EA11AA2C6C200485199 /* SonosController.app */;
			productType = "com.apple.product-type.application";
		};
		23350EB21AA2C6C200485199 /* SonosControllerTests */ = {
			isa = PBXNativeTarget;
			buildConfigurationList = 23350EC01AA2C6C200485199 /* Build configuration list for PBXNativeTarget "SonosControllerTests" */;
			buildPhases = (
				23350EAF1AA2C6C200485199 /* Sources */,
				23350EB01AA2C6C200485199 /* Frameworks */,
				23350EB11AA2C6C200485199 /* Resources */,
			);
			buildRules = (
			);
			dependencies = (
				23350EB51AA2C6C200485199 /* PBXTargetDependency */,
			);
			name = SonosControllerTests;
			productName = SonosControllerTests;
			productReference = 23350EB31AA2C6C200485199 /* SonosControllerTests.xctest */;
			productType = "com.apple.product-type.bundle.unit-test";
		};
/* End PBXNativeTarget section */

/* Begin PBXProject section */
		23350E991AA2C6C200485199 /* Project object */ = {
			isa = PBXProject;
			attributes = {
				LastUpgradeCheck = 0610;
				ORGANIZATIONNAME = "Nicolas Langley";
				TargetAttributes = {
					23350EA01AA2C6C200485199 = {
						CreatedOnToolsVersion = 6.1.1;
					};
					23350EB21AA2C6C200485199 = {
						CreatedOnToolsVersion = 6.1.1;
						TestTargetID = 23350EA01AA2C6C200485199;
					};
				};
			};
			buildConfigurationList = 23350E9C1AA2C6C200485199 /* Build configuration list for PBXProject "SonosController" */;
			compatibilityVersion = "Xcode 3.2";
			developmentRegion = English;
			hasScannedForEncodings = 0;
			knownRegions = (
				en,
				Base,
			);
			mainGroup = 23350E981AA2C6C200485199;
			productRefGroup = 23350EA21AA2C6C200485199 /* Products */;
			projectDirPath = "";
			projectRoot = "";
			targets = (
				23350EA01AA2C6C200485199 /* SonosController */,
				23350EB21AA2C6C200485199 /* SonosControllerTests */,
			);
		};
/* End PBXProject section */

/* Begin PBXResourcesBuildPhase section */
		23350E9F1AA2C6C200485199 /* Resources */ = {
			isa = PBXResourcesBuildPhase;
			buildActionMask = 2147483647;
			files = (
				23350ECF1AA2C97700485199 /* Main.storyboard in Resources */,
				23350ED01AA2C97700485199 /* Images.xcassets in Resources */,
				23350ED11AA2C97700485199 /* Info.plist in Resources */,
				23C722A61AD879FC003AD637 /* sonos-icon-round@2x.png in Resources */,
			);
			runOnlyForDeploymentPostprocessing = 0;
		};
		23350EB11AA2C6C200485199 /* Resources */ = {
			isa = PBXResourcesBuildPhase;
			buildActionMask = 2147483647;
			files = (
			);
			runOnlyForDeploymentPostprocessing = 0;
		};
/* End PBXResourcesBuildPhase section */

/* Begin PBXShellScriptBuildPhase section */
		87D881751E158DF336C0F3BF /* Copy Pods Resources */ = {
			isa = PBXShellScriptBuildPhase;
			buildActionMask = 2147483647;
			files = (
			);
			inputPaths = (
			);
			name = "Copy Pods Resources";
			outputPaths = (
			);
			runOnlyForDeploymentPostprocessing = 0;
			shellPath = /bin/sh;
			shellScript = "\"${SRCROOT}/Pods/Target Support Files/Pods/Pods-resources.sh\"\n";
			showEnvVarsInLog = 0;
		};
		FE98B42851009B0014B7241C /* Check Pods Manifest.lock */ = {
			isa = PBXShellScriptBuildPhase;
			buildActionMask = 2147483647;
			files = (
			);
			inputPaths = (
			);
			name = "Check Pods Manifest.lock";
			outputPaths = (
			);
			runOnlyForDeploymentPostprocessing = 0;
			shellPath = /bin/sh;
			shellScript = "diff \"${PODS_ROOT}/../Podfile.lock\" \"${PODS_ROOT}/Manifest.lock\" > /dev/null\nif [[ $? != 0 ]] ; then\n    cat << EOM\nerror: The sandbox is not in sync with the Podfile.lock. Run 'pod install' or update your CocoaPods installation.\nEOM\n    exit 1\nfi\n";
			showEnvVarsInLog = 0;
		};
/* End PBXShellScriptBuildPhase section */

/* Begin PBXSourcesBuildPhase section */
		23350E9D1AA2C6C200485199 /* Sources */ = {
			isa = PBXSourcesBuildPhase;
			buildActionMask = 2147483647;
			files = (
				23350EC81AA2C96600485199 /* ViewController.swift in Sources */,
				23350EC51AA2C95C00485199 /* AppDelegate.swift in Sources */,
				23E60C7A1AD7A26500DC3165 /* SonosManager.m in Sources */,
				23E60C781AD7A26500DC3165 /* SonosController.m in Sources */,
				23E60C7B1AD7A26500DC3165 /* XMLReader.m in Sources */,
				23E60C791AD7A26500DC3165 /* SonosDiscover.m in Sources */,
			);
			runOnlyForDeploymentPostprocessing = 0;
		};
		23350EAF1AA2C6C200485199 /* Sources */ = {
			isa = PBXSourcesBuildPhase;
			buildActionMask = 2147483647;
			files = (
				23350EBA1AA2C6C200485199 /* SonosControllerTests.swift in Sources */,
			);
			runOnlyForDeploymentPostprocessing = 0;
		};
/* End PBXSourcesBuildPhase section */

/* Begin PBXTargetDependency section */
		23350EB51AA2C6C200485199 /* PBXTargetDependency */ = {
			isa = PBXTargetDependency;
			target = 23350EA01AA2C6C200485199 /* SonosController */;
			targetProxy = 23350EB41AA2C6C200485199 /* PBXContainerItemProxy */;
		};
/* End PBXTargetDependency section */

/* Begin PBXVariantGroup section */
		23350ECB1AA2C97700485199 /* Main.storyboard */ = {
			isa = PBXVariantGroup;
			children = (
				23350ECC1AA2C97700485199 /* Base */,
			);
			name = Main.storyboard;
			sourceTree = "<group>";
		};
/* End PBXVariantGroup section */

/* Begin XCBuildConfiguration section */
		23350EBB1AA2C6C200485199 /* Debug */ = {
			isa = XCBuildConfiguration;
			buildSettings = {
				ALWAYS_SEARCH_USER_PATHS = NO;
				CLANG_CXX_LANGUAGE_STANDARD = "gnu++0x";
				CLANG_CXX_LIBRARY = "libc++";
				CLANG_ENABLE_MODULES = YES;
				CLANG_ENABLE_OBJC_ARC = YES;
				CLANG_WARN_BOOL_CONVERSION = YES;
				CLANG_WARN_CONSTANT_CONVERSION = YES;
				CLANG_WARN_DIRECT_OBJC_ISA_USAGE = YES_ERROR;
				CLANG_WARN_EMPTY_BODY = YES;
				CLANG_WARN_ENUM_CONVERSION = YES;
				CLANG_WARN_INT_CONVERSION = YES;
				CLANG_WARN_OBJC_ROOT_CLASS = YES_ERROR;
				CLANG_WARN_UNREACHABLE_CODE = YES;
				CLANG_WARN__DUPLICATE_METHOD_MATCH = YES;
				CODE_SIGN_IDENTITY = "-";
				COPY_PHASE_STRIP = NO;
				ENABLE_STRICT_OBJC_MSGSEND = YES;
				GCC_C_LANGUAGE_STANDARD = gnu99;
				GCC_DYNAMIC_NO_PIC = NO;
				GCC_OPTIMIZATION_LEVEL = 0;
				GCC_PREPROCESSOR_DEFINITIONS = (
					"DEBUG=1",
					"$(inherited)",
				);
				GCC_SYMBOLS_PRIVATE_EXTERN = NO;
				GCC_WARN_64_TO_32_BIT_CONVERSION = YES;
				GCC_WARN_ABOUT_RETURN_TYPE = YES_ERROR;
				GCC_WARN_UNDECLARED_SELECTOR = YES;
				GCC_WARN_UNINITIALIZED_AUTOS = YES_AGGRESSIVE;
				GCC_WARN_UNUSED_FUNCTION = YES;
				GCC_WARN_UNUSED_VARIABLE = YES;
				MACOSX_DEPLOYMENT_TARGET = 10.10;
				MTL_ENABLE_DEBUG_INFO = YES;
				ONLY_ACTIVE_ARCH = YES;
				SDKROOT = macosx;
				SWIFT_OPTIMIZATION_LEVEL = "-Onone";
			};
			name = Debug;
		};
		23350EBC1AA2C6C200485199 /* Release */ = {
			isa = XCBuildConfiguration;
			buildSettings = {
				ALWAYS_SEARCH_USER_PATHS = NO;
				CLANG_CXX_LANGUAGE_STANDARD = "gnu++0x";
				CLANG_CXX_LIBRARY = "libc++";
				CLANG_ENABLE_MODULES = YES;
				CLANG_ENABLE_OBJC_ARC = YES;
				CLANG_WARN_BOOL_CONVERSION = YES;
				CLANG_WARN_CONSTANT_CONVERSION = YES;
				CLANG_WARN_DIRECT_OBJC_ISA_USAGE = YES_ERROR;
				CLANG_WARN_EMPTY_BODY = YES;
				CLANG_WARN_ENUM_CONVERSION = YES;
				CLANG_WARN_INT_CONVERSION = YES;
				CLANG_WARN_OBJC_ROOT_CLASS = YES_ERROR;
				CLANG_WARN_UNREACHABLE_CODE = YES;
				CLANG_WARN__DUPLICATE_METHOD_MATCH = YES;
				CODE_SIGN_IDENTITY = "-";
				COPY_PHASE_STRIP = YES;
				DEBUG_INFORMATION_FORMAT = "dwarf-with-dsym";
				ENABLE_NS_ASSERTIONS = NO;
				ENABLE_STRICT_OBJC_MSGSEND = YES;
				GCC_C_LANGUAGE_STANDARD = gnu99;
				GCC_WARN_64_TO_32_BIT_CONVERSION = YES;
				GCC_WARN_ABOUT_RETURN_TYPE = YES_ERROR;
				GCC_WARN_UNDECLARED_SELECTOR = YES;
				GCC_WARN_UNINITIALIZED_AUTOS = YES_AGGRESSIVE;
				GCC_WARN_UNUSED_FUNCTION = YES;
				GCC_WARN_UNUSED_VARIABLE = YES;
				MACOSX_DEPLOYMENT_TARGET = 10.10;
				MTL_ENABLE_DEBUG_INFO = NO;
				SDKROOT = macosx;
			};
			name = Release;
		};
		23350EBE1AA2C6C200485199 /* Debug */ = {
			isa = XCBuildConfiguration;
			baseConfigurationReference = 11539C02C406E767733A578D /* Pods.debug.xcconfig */;
			buildSettings = {
				ASSETCATALOG_COMPILER_APPICON_NAME = AppIcon;
				COMBINE_HIDPI_IMAGES = YES;
				INFOPLIST_FILE = "$(SRCROOT)/SonosController/Resources/Info.plist";
				LD_RUNPATH_SEARCH_PATHS = "$(inherited) @executable_path/../Frameworks";
				PRODUCT_NAME = "$(TARGET_NAME)";
				SWIFT_OBJC_BRIDGING_HEADER = "SonosController/Application/SonosController-Bridging-Header.h";
			};
			name = Debug;
		};
		23350EBF1AA2C6C200485199 /* Release */ = {
			isa = XCBuildConfiguration;
			baseConfigurationReference = 0BEC11E1C5B092FC6661141E /* Pods.release.xcconfig */;
			buildSettings = {
				ASSETCATALOG_COMPILER_APPICON_NAME = AppIcon;
				COMBINE_HIDPI_IMAGES = YES;
				INFOPLIST_FILE = "$(SRCROOT)/SonosController/Resources/Info.plist";
				LD_RUNPATH_SEARCH_PATHS = "$(inherited) @executable_path/../Frameworks";
				PRODUCT_NAME = "$(TARGET_NAME)";
				SWIFT_OBJC_BRIDGING_HEADER = "SonosController/Application/SonosController-Bridging-Header.h";
			};
			name = Release;
		};
		23350EC11AA2C6C200485199 /* Debug */ = {
			isa = XCBuildConfiguration;
			buildSettings = {
				BUNDLE_LOADER = "$(TEST_HOST)";
				COMBINE_HIDPI_IMAGES = YES;
				FRAMEWORK_SEARCH_PATHS = (
					"$(DEVELOPER_FRAMEWORKS_DIR)",
					"$(inherited)",
				);
				GCC_PREPROCESSOR_DEFINITIONS = (
					"DEBUG=1",
					"$(inherited)",
				);
				INFOPLIST_FILE = SonosControllerTests/Info.plist;
				LD_RUNPATH_SEARCH_PATHS = "$(inherited) @executable_path/../Frameworks @loader_path/../Frameworks";
				PRODUCT_NAME = "$(TARGET_NAME)";
				TEST_HOST = "$(BUILT_PRODUCTS_DIR)/SonosController.app/Contents/MacOS/SonosController";
			};
			name = Debug;
		};
		23350EC21AA2C6C200485199 /* Release */ = {
			isa = XCBuildConfiguration;
			buildSettings = {
				BUNDLE_LOADER = "$(TEST_HOST)";
				COMBINE_HIDPI_IMAGES = YES;
				FRAMEWORK_SEARCH_PATHS = (
					"$(DEVELOPER_FRAMEWORKS_DIR)",
					"$(inherited)",
				);
				INFOPLIST_FILE = SonosControllerTests/Info.plist;
				LD_RUNPATH_SEARCH_PATHS = "$(inherited) @executable_path/../Frameworks @loader_path/../Frameworks";
				PRODUCT_NAME = "$(TARGET_NAME)";
				TEST_HOST = "$(BUILT_PRODUCTS_DIR)/SonosController.app/Contents/MacOS/SonosController";
			};
			name = Release;
		};
/* End XCBuildConfiguration section */

/* Begin XCConfigurationList section */
		23350E9C1AA2C6C200485199 /* Build configuration list for PBXProject "SonosController" */ = {
			isa = XCConfigurationList;
			buildConfigurations = (
				23350EBB1AA2C6C200485199 /* Debug */,
				23350EBC1AA2C6C200485199 /* Release */,
			);
			defaultConfigurationIsVisible = 0;
			defaultConfigurationName = Release;
		};
		23350EBD1AA2C6C200485199 /* Build configuration list for PBXNativeTarget "SonosController" */ = {
			isa = XCConfigurationList;
			buildConfigurations = (
				23350EBE1AA2C6C200485199 /* Debug */,
				23350EBF1AA2C6C200485199 /* Release */,
			);
			defaultConfigurationIsVisible = 0;
			defaultConfigurationName = Release;
		};
		23350EC01AA2C6C200485199 /* Build configuration list for PBXNativeTarget "SonosControllerTests" */ = {
			isa = XCConfigurationList;
			buildConfigurations = (
				23350EC11AA2C6C200485199 /* Debug */,
				23350EC21AA2C6C200485199 /* Release */,
			);
			defaultConfigurationIsVisible = 0;
			defaultConfigurationName = Release;
		};
/* End XCConfigurationList section */
	};
	rootObject = 23350E991AA2C6C200485199 /* Project object */;
}
