PODS:
  - AFNetworking (2.0.3):
    - AFNetworking/NSURLConnection (= 2.0.3)
    - AFNetworking/NSURLSession (= 2.0.3)
    - AFNetworking/Reachability (= 2.0.3)
    - AFNetworking/Security (= 2.0.3)
    - AFNetworking/Serialization (= 2.0.3)
    - AFNetworking/UIKit (= 2.0.3)
  - AFNetworking/NSURLConnection (2.0.3):
    - AFNetworking/Reachability
    - AFNetworking/Security
    - AFNetworking/Serialization
  - AFNetworking/NSURLSession (2.0.3):
    - AFNetworking/NSURLConnection
  - AFNetworking/Reachability (2.0.3)
  - AFNetworking/Security (2.0.3)
  - AFNetworking/Serialization (2.0.3)
  - CocoaAsyncSocket (7.3.5)

DEPENDENCIES:
  - AFNetworking (~> 2.0.3)
  - CocoaAsyncSocket (~> 7.3.3)

SPEC CHECKSUMS:
  AFNetworking: 6b0f579b7cfe3ede501df0248c7ee1976e926aec
  CocoaAsyncSocket: 94c582a5bef4bb0f51b6ebf3e1b561d9091a68ba

COCOAPODS: 0.36.3
