// !$*UTF8*$!
{
	archiveVersion = 1;
	classes = {
	};
	objectVersion = 46;
	objects = {

/* Begin PBXBuildFile section */
		2303D06E1AD9AC0900D89819 /* sonos-app-button.png in Resources */ = {isa = PBXBuildFile; fileRef = 2303D06D1AD9AC0900D89819 /* sonos-app-button.png */; };
		2303D0701AD9EFDC00D89819 /* NoDevicePopupViewController.swift in Sources */ = {isa = PBXBuildFile; fileRef = 2303D06F1AD9EFDC00D89819 /* NoDevicePopupViewController.swift */; };
		232203C61BA9CAE9006473A8 /* libPods.a in Frameworks */ = {isa = PBXBuildFile; fileRef = FEA388C5113BCA8FBF8162A1 /* libPods.a */; };
		23354AAC1AD8830400B23314 /* AppDelegate.swift in Sources */ = {isa = PBXBuildFile; fileRef = 23354A981AD8830400B23314 /* AppDelegate.swift */; };
		23354AAD1AD8830400B23314 /* DevicePopupViewController.swift in Sources */ = {isa = PBXBuildFile; fileRef = 23354A9B1AD8830400B23314 /* DevicePopupViewController.swift */; };
		23354AAE1AD8830400B23314 /* SonosController.m in Sources */ = {isa = PBXBuildFile; fileRef = 23354A9F1AD8830400B23314 /* SonosController.m */; };
		23354AAF1AD8830400B23314 /* SonosDiscover.m in Sources */ = {isa = PBXBuildFile; fileRef = 23354AA11AD8830400B23314 /* SonosDiscover.m */; };
		23354AB01AD8830400B23314 /* SonosManager.m in Sources */ = {isa = PBXBuildFile; fileRef = 23354AA31AD8830400B23314 /* SonosManager.m */; };
		23354AB11AD8830400B23314 /* XMLReader.m in Sources */ = {isa = PBXBuildFile; fileRef = 23354AA51AD8830400B23314 /* XMLReader.m */; };
		23354AB21AD8830400B23314 /* Main.storyboard in Resources */ = {isa = PBXBuildFile; fileRef = 23354AA71AD8830400B23314 /* Main.storyboard */; };
		23354AB31AD8830400B23314 /* Images.xcassets in Resources */ = {isa = PBXBuildFile; fileRef = 23354AA91AD8830400B23314 /* Images.xcassets */; };
		23354AB51AD8830400B23314 /* sonos-icon-round@2x.png in Resources */ = {isa = PBXBuildFile; fileRef = 23354AAB1AD8830400B23314 /* sonos-icon-round@2x.png */; };
		23354ABA1AD8831000B23314 /* SonosBarTests.swift in Sources */ = {isa = PBXBuildFile; fileRef = 23354AB81AD8831000B23314 /* SonosBarTests.swift */; };
		23354ABB1AD8ABD900B23314 /* Info.plist in Resources */ = {isa = PBXBuildFile; fileRef = 23354AAA1AD8830400B23314 /* Info.plist */; };
		2344DAE71AD9064100B45612 /* quit-button.png in Resources */ = {isa = PBXBuildFile; fileRef = 2344DAE61AD9064100B45612 /* quit-button.png */; };
		2365F4E41AD8F646008A9BE9 /* prev-button.png in Resources */ = {isa = PBXBuildFile; fileRef = 2365F4E31AD8F646008A9BE9 /* prev-button.png */; };
		2365F4E81AD8F93C008A9BE9 /* next-button.png in Resources */ = {isa = PBXBuildFile; fileRef = 2365F4E51AD8F93C008A9BE9 /* next-button.png */; };
		2365F4E91AD8F93C008A9BE9 /* pause-button.png in Resources */ = {isa = PBXBuildFile; fileRef = 2365F4E61AD8F93C008A9BE9 /* pause-button.png */; };
		2365F4EA1AD8F93C008A9BE9 /* play-button.png in Resources */ = {isa = PBXBuildFile; fileRef = 2365F4E71AD8F93C008A9BE9 /* play-button.png */; };
		B996BDC194E0CDD89230DF0E /* libPods.a in Frameworks */ = {isa = PBXBuildFile; fileRef = FEA388C5113BCA8FBF8162A1 /* libPods.a */; };
/* End PBXBuildFile section */

/* Begin PBXContainerItemProxy section */
		23350EB41AA2C6C200485199 /* PBXContainerItemProxy */ = {
			isa = PBXContainerItemProxy;
			containerPortal = 23350E991AA2C6C200485199 /* Project object */;
			proxyType = 1;
			remoteGlobalIDString = 23350EA01AA2C6C200485199;
			remoteInfo = SonosController;
		};
/* End PBXContainerItemProxy section */

/* Begin PBXFileReference section */
		0BEC11E1C5B092FC6661141E /* Pods.release.xcconfig */ = {isa = PBXFileReference; includeInIndex = 1; lastKnownFileType = text.xcconfig; name = Pods.release.xcconfig; path = "Pods/Target Support Files/Pods/Pods.release.xcconfig"; sourceTree = "<group>"; };
		11539C02C406E767733A578D /* Pods.debug.xcconfig */ = {isa = PBXFileReference; includeInIndex = 1; lastKnownFileType = text.xcconfig; name = Pods.debug.xcconfig; path = "Pods/Target Support Files/Pods/Pods.debug.xcconfig"; sourceTree = "<group>"; };
		2303D06D1AD9AC0900D89819 /* sonos-app-button.png */ = {isa = PBXFileReference; lastKnownFileType = image.png; path = "sonos-app-button.png"; sourceTree = "<group>"; };
		2303D06F1AD9EFDC00D89819 /* NoDevicePopupViewController.swift */ = {isa = PBXFileReference; fileEncoding = 4; lastKnownFileType = sourcecode.swift; path = NoDevicePopupViewController.swift; sourceTree = "<group>"; };
		23350EA11AA2C6C200485199 /* SonosBar.app */ = {isa = PBXFileReference; explicitFileType = wrapper.application; includeInIndex = 0; path = SonosBar.app; sourceTree = BUILT_PRODUCTS_DIR; };
		23350EB31AA2C6C200485199 /* SonosBarTests.xctest */ = {isa = PBXFileReference; explicitFileType = wrapper.cfbundle; includeInIndex = 0; path = SonosBarTests.xctest; sourceTree = BUILT_PRODUCTS_DIR; };
		23354A981AD8830400B23314 /* AppDelegate.swift */ = {isa = PBXFileReference; fileEncoding = 4; lastKnownFileType = sourcecode.swift; path = AppDelegate.swift; sourceTree = "<group>"; };
		23354A991AD8830400B23314 /* SonosBar-Bridging-Header.h */ = {isa = PBXFileReference; fileEncoding = 4; lastKnownFileType = sourcecode.c.h; path = "SonosBar-Bridging-Header.h"; sourceTree = "<group>"; };
		23354A9B1AD8830400B23314 /* DevicePopupViewController.swift */ = {isa = PBXFileReference; fileEncoding = 4; lastKnownFileType = sourcecode.swift; path = DevicePopupViewController.swift; sourceTree = "<group>"; };
		23354A9E1AD8830400B23314 /* SonosController.h */ = {isa = PBXFileReference; fileEncoding = 4; lastKnownFileType = sourcecode.c.h; path = SonosController.h; sourceTree = "<group>"; };
		23354A9F1AD8830400B23314 /* SonosController.m */ = {isa = PBXFileReference; fileEncoding = 4; lastKnownFileType = sourcecode.c.objc; path = SonosController.m; sourceTree = "<group>"; };
		23354AA01AD8830400B23314 /* SonosDiscover.h */ = {isa = PBXFileReference; fileEncoding = 4; lastKnownFileType = sourcecode.c.h; path = SonosDiscover.h; sourceTree = "<group>"; };
		23354AA11AD8830400B23314 /* SonosDiscover.m */ = {isa = PBXFileReference; fileEncoding = 4; lastKnownFileType = sourcecode.c.objc; path = SonosDiscover.m; sourceTree = "<group>"; };
		23354AA21AD8830400B23314 /* SonosManager.h */ = {isa = PBXFileReference; fileEncoding = 4; lastKnownFileType = sourcecode.c.h; path = SonosManager.h; sourceTree = "<group>"; };
		23354AA31AD8830400B23314 /* SonosManager.m */ = {isa = PBXFileReference; fileEncoding = 4; lastKnownFileType = sourcecode.c.objc; path = SonosManager.m; sourceTree = "<group>"; };
		23354AA41AD8830400B23314 /* XMLReader.h */ = {isa = PBXFileReference; fileEncoding = 4; lastKnownFileType = sourcecode.c.h; path = XMLReader.h; sourceTree = "<group>"; };
		23354AA51AD8830400B23314 /* XMLReader.m */ = {isa = PBXFileReference; fileEncoding = 4; lastKnownFileType = sourcecode.c.objc; path = XMLReader.m; sourceTree = "<group>"; };
		23354AA81AD8830400B23314 /* Base */ = {isa = PBXFileReference; lastKnownFileType = file.storyboard; name = Base; path = Base.lproj/Main.storyboard; sourceTree = "<group>"; };
		23354AA91AD8830400B23314 /* Images.xcassets */ = {isa = PBXFileReference; lastKnownFileType = folder.assetcatalog; path = Images.xcassets; sourceTree = "<group>"; };
		23354AAA1AD8830400B23314 /* Info.plist */ = {isa = PBXFileReference; fileEncoding = 4; lastKnownFileType = text.plist.xml; path = Info.plist; sourceTree = "<group>"; };
		23354AAB1AD8830400B23314 /* sonos-icon-round@2x.png */ = {isa = PBXFileReference; lastKnownFileType = image.png; path = "sonos-icon-round@2x.png"; sourceTree = "<group>"; };
		23354AB71AD8831000B23314 /* Info.plist */ = {isa = PBXFileReference; fileEncoding = 4; lastKnownFileType = text.plist.xml; path = Info.plist; sourceTree = "<group>"; };
		23354AB81AD8831000B23314 /* SonosBarTests.swift */ = {isa = PBXFileReference; fileEncoding = 4; lastKnownFileType = sourcecode.swift; path = SonosBarTests.swift; sourceTree = "<group>"; };
		2344DAE61AD9064100B45612 /* quit-button.png */ = {isa = PBXFileReference; lastKnownFileType = image.png; path = "quit-button.png"; sourceTree = "<group>"; };
		2365F4E31AD8F646008A9BE9 /* prev-button.png */ = {isa = PBXFileReference; lastKnownFileType = image.png; path = "prev-button.png"; sourceTree = "<group>"; };
		2365F4E51AD8F93C008A9BE9 /* next-button.png */ = {isa = PBXFileReference; lastKnownFileType = image.png; path = "next-button.png"; sourceTree = "<group>"; };
		2365F4E61AD8F93C008A9BE9 /* pause-button.png */ = {isa = PBXFileReference; lastKnownFileType = image.png; path = "pause-button.png"; sourceTree = "<group>"; };
		2365F4E71AD8F93C008A9BE9 /* play-button.png */ = {isa = PBXFileReference; lastKnownFileType = image.png; path = "play-button.png"; sourceTree = "<group>"; };
		FEA388C5113BCA8FBF8162A1 /* libPods.a */ = {isa = PBXFileReference; explicitFileType = archive.ar; includeInIndex = 0; path = libPods.a; sourceTree = BUILT_PRODUCTS_DIR; };
/* End PBXFileReference section */

/* Begin PBXFrameworksBuildPhase section */
		23350E9E1AA2C6C200485199 /* Frameworks */ = {
			isa = PBXFrameworksBuildPhase;
			buildActionMask = 2147483647;
			files = (
				B996BDC194E0CDD89230DF0E /* libPods.a in Frameworks */,
			);
			runOnlyForDeploymentPostprocessing = 0;
		};
		23350EB01AA2C6C200485199 /* Frameworks */ = {
			isa = PBXFrameworksBuildPhase;
			buildActionMask = 2147483647;
			files = (
				232203C61BA9CAE9006473A8 /* libPods.a in Frameworks */,
			);
			runOnlyForDeploymentPostprocessing = 0;
		};
/* End PBXFrameworksBuildPhase section */

/* Begin PBXGroup section */
		03381111D074B9985E788C92 /* Pods */ = {
			isa = PBXGroup;
			children = (
				11539C02C406E767733A578D /* Pods.debug.xcconfig */,
				0BEC11E1C5B092FC6661141E /* Pods.release.xcconfig */,
			);
			name = Pods;
			sourceTree = "<group>";
		};
		23350E981AA2C6C200485199 = {
			isa = PBXGroup;
			children = (
				23354A961AD8830400B23314 /* SonosBar */,
				23354AB61AD8831000B23314 /* SonosBarTests */,
				23350EA21AA2C6C200485199 /* Products */,
				03381111D074B9985E788C92 /* Pods */,
				3E92391416F6EB835D688DC2 /* Frameworks */,
			);
			sourceTree = "<group>";
		};
		23350EA21AA2C6C200485199 /* Products */ = {
			isa = PBXGroup;
			children = (
				23350EA11AA2C6C200485199 /* SonosBar.app */,
				23350EB31AA2C6C200485199 /* SonosBarTests.xctest */,
			);
			name = Products;
			sourceTree = "<group>";
		};
		23354A961AD8830400B23314 /* SonosBar */ = {
			isa = PBXGroup;
			children = (
				23354A971AD8830400B23314 /* Application */,
				23354A9A1AD8830400B23314 /* Controllers */,
				23354A9C1AD8830400B23314 /* Helpers */,
				23354AA61AD8830400B23314 /* Resources */,
			);
			path = SonosBar;
			sourceTree = "<group>";
		};
		23354A971AD8830400B23314 /* Application */ = {
			isa = PBXGroup;
			children = (
				23354A981AD8830400B23314 /* AppDelegate.swift */,
				23354A991AD8830400B23314 /* SonosBar-Bridging-Header.h */,
			);
			path = Application;
			sourceTree = "<group>";
		};
		23354A9A1AD8830400B23314 /* Controllers */ = {
			isa = PBXGroup;
			children = (
				23354A9B1AD8830400B23314 /* DevicePopupViewController.swift */,
				2303D06F1AD9EFDC00D89819 /* NoDevicePopupViewController.swift */,
			);
			path = Controllers;
			sourceTree = "<group>";
		};
		23354A9C1AD8830400B23314 /* Helpers */ = {
			isa = PBXGroup;
			children = (
				23354A9D1AD8830400B23314 /* sonos-objc */,
			);
			path = Helpers;
			sourceTree = "<group>";
		};
		23354A9D1AD8830400B23314 /* sonos-objc */ = {
			isa = PBXGroup;
			children = (
				23354A9E1AD8830400B23314 /* SonosController.h */,
				23354A9F1AD8830400B23314 /* SonosController.m */,
				23354AA01AD8830400B23314 /* SonosDiscover.h */,
				23354AA11AD8830400B23314 /* SonosDiscover.m */,
				23354AA21AD8830400B23314 /* SonosManager.h */,
				23354AA31AD8830400B23314 /* SonosManager.m */,
				23354AA41AD8830400B23314 /* XMLReader.h */,
				23354AA51AD8830400B23314 /* XMLReader.m */,
			);
			path = "sonos-objc";
			sourceTree = "<group>";
		};
		23354AA61AD8830400B23314 /* Resources */ = {
			isa = PBXGroup;
			children = (
				2303D06D1AD9AC0900D89819 /* sonos-app-button.png */,
				2344DAE61AD9064100B45612 /* quit-button.png */,
				2365F4E51AD8F93C008A9BE9 /* next-button.png */,
				2365F4E61AD8F93C008A9BE9 /* pause-button.png */,
				2365F4E71AD8F93C008A9BE9 /* play-button.png */,
				2365F4E31AD8F646008A9BE9 /* prev-button.png */,
				23354AA71AD8830400B23314 /* Main.storyboard */,
				23354AA91AD8830400B23314 /* Images.xcassets */,
				23354AAA1AD8830400B23314 /* Info.plist */,
				23354AAB1AD8830400B23314 /* sonos-icon-round@2x.png */,
			);
			path = Resources;
			sourceTree = "<group>";
		};
		23354AB61AD8831000B23314 /* SonosBarTests */ = {
			isa = PBXGroup;
			children = (
				23354AB71AD8831000B23314 /* Info.plist */,
				23354AB81AD8831000B23314 /* SonosBarTests.swift */,
			);
			path = SonosBarTests;
			sourceTree = "<group>";
		};
		3E92391416F6EB835D688DC2 /* Frameworks */ = {
			isa = PBXGroup;
			children = (
				FEA388C5113BCA8FBF8162A1 /* libPods.a */,
			);
			name = Frameworks;
			sourceTree = "<group>";
		};
/* End PBXGroup section */

/* Begin PBXNativeTarget section */
		23350EA01AA2C6C200485199 /* SonosBar */ = {
			isa = PBXNativeTarget;
			buildConfigurationList = 23350EBD1AA2C6C200485199 /* Build configuration list for PBXNativeTarget "SonosBar" */;
			buildPhases = (
				FE98B42851009B0014B7241C /* Check Pods Manifest.lock */,
				23350E9D1AA2C6C200485199 /* Sources */,
				23350E9E1AA2C6C200485199 /* Frameworks */,
				23350E9F1AA2C6C200485199 /* Resources */,
				87D881751E158DF336C0F3BF /* Copy Pods Resources */,
			);
			buildRules = (
			);
			dependencies = (
			);
			name = SonosBar;
			productName = SonosController;
			productReference = 23350EA11AA2C6C200485199 /* SonosBar.app */;
			productType = "com.apple.product-type.application";
		};
		23350EB21AA2C6C200485199 /* SonosBarTests */ = {
			isa = PBXNativeTarget;
			buildConfigurationList = 23350EC01AA2C6C200485199 /* Build configuration list for PBXNativeTarget "SonosBarTests" */;
			buildPhases = (
				23350EAF1AA2C6C200485199 /* Sources */,
				23350EB01AA2C6C200485199 /* Frameworks */,
				23350EB11AA2C6C200485199 /* Resources */,
			);
			buildRules = (
			);
			dependencies = (
				23350EB51AA2C6C200485199 /* PBXTargetDependency */,
			);
			name = SonosBarTests;
			productName = SonosControllerTests;
			productReference = 23350EB31AA2C6C200485199 /* SonosBarTests.xctest */;
			productType = "com.apple.product-type.bundle.unit-test";
		};
/* End PBXNativeTarget section */

/* Begin PBXProject section */
		23350E991AA2C6C200485199 /* Project object */ = {
			isa = PBXProject;
			attributes = {
				LastUpgradeCheck = 0640;
				ORGANIZATIONNAME = "Nicolas Langley";
				TargetAttributes = {
					23350EA01AA2C6C200485199 = {
						CreatedOnToolsVersion = 6.1.1;
					};
					23350EB21AA2C6C200485199 = {
						CreatedOnToolsVersion = 6.1.1;
						TestTargetID = 23350EA01AA2C6C200485199;
					};
				};
			};
			buildConfigurationList = 23350E9C1AA2C6C200485199 /* Build configuration list for PBXProject "SonosBar" */;
			compatibilityVersion = "Xcode 3.2";
			developmentRegion = English;
			hasScannedForEncodings = 0;
			knownRegions = (
				en,
				Base,
			);
			mainGroup = 23350E981AA2C6C200485199;
			productRefGroup = 23350EA21AA2C6C200485199 /* Products */;
			projectDirPath = "";
			projectRoot = "";
			targets = (
				23350EA01AA2C6C200485199 /* SonosBar */,
				23350EB21AA2C6C200485199 /* SonosBarTests */,
			);
		};
/* End PBXProject section */

/* Begin PBXResourcesBuildPhase section */
		23350E9F1AA2C6C200485199 /* Resources */ = {
			isa = PBXResourcesBuildPhase;
			buildActionMask = 2147483647;
			files = (
				2344DAE71AD9064100B45612 /* quit-button.png in Resources */,
				23354AB21AD8830400B23314 /* Main.storyboard in Resources */,
				2365F4EA1AD8F93C008A9BE9 /* play-button.png in Resources */,
				2303D06E1AD9AC0900D89819 /* sonos-app-button.png in Resources */,
				23354AB51AD8830400B23314 /* sonos-icon-round@2x.png in Resources */,
				2365F4E91AD8F93C008A9BE9 /* pause-button.png in Resources */,
				2365F4E81AD8F93C008A9BE9 /* next-button.png in Resources */,
				23354AB31AD8830400B23314 /* Images.xcassets in Resources */,
				2365F4E41AD8F646008A9BE9 /* prev-button.png in Resources */,
			);
			runOnlyForDeploymentPostprocessing = 0;
		};
		23350EB11AA2C6C200485199 /* Resources */ = {
			isa = PBXResourcesBuildPhase;
			buildActionMask = 2147483647;
			files = (
				23354ABB1AD8ABD900B23314 /* Info.plist in Resources */,
			);
			runOnlyForDeploymentPostprocessing = 0;
		};
/* End PBXResourcesBuildPhase section */

/* Begin PBXShellScriptBuildPhase section */
		87D881751E158DF336C0F3BF /* Copy Pods Resources */ = {
			isa = PBXShellScriptBuildPhase;
			buildActionMask = 2147483647;
			files = (
			);
			inputPaths = (
			);
			name = "Copy Pods Resources";
			outputPaths = (
			);
			runOnlyForDeploymentPostprocessing = 0;
			shellPath = /bin/sh;
			shellScript = "\"${SRCROOT}/Pods/Target Support Files/Pods/Pods-resources.sh\"\n";
			showEnvVarsInLog = 0;
		};
		FE98B42851009B0014B7241C /* Check Pods Manifest.lock */ = {
			isa = PBXShellScriptBuildPhase;
			buildActionMask = 2147483647;
			files = (
			);
			inputPaths = (
			);
			name = "Check Pods Manifest.lock";
			outputPaths = (
			);
			runOnlyForDeploymentPostprocessing = 0;
			shellPath = /bin/sh;
			shellScript = "diff \"${PODS_ROOT}/../Podfile.lock\" \"${PODS_ROOT}/Manifest.lock\" > /dev/null\nif [[ $? != 0 ]] ; then\n    cat << EOM\nerror: The sandbox is not in sync with the Podfile.lock. Run 'pod install' or update your CocoaPods installation.\nEOM\n    exit 1\nfi\n";
			showEnvVarsInLog = 0;
		};
/* End PBXShellScriptBuildPhase section */

/* Begin PBXSourcesBuildPhase section */
		23350E9D1AA2C6C200485199 /* Sources */ = {
			isa = PBXSourcesBuildPhase;
			buildActionMask = 2147483647;
			files = (
				23354AAD1AD8830400B23314 /* DevicePopupViewController.swift in Sources */,
				23354AAC1AD8830400B23314 /* AppDelegate.swift in Sources */,
				23354AB01AD8830400B23314 /* SonosManager.m in Sources */,
				23354AAE1AD8830400B23314 /* SonosController.m in Sources */,
				2303D0701AD9EFDC00D89819 /* NoDevicePopupViewController.swift in Sources */,
				23354AB11AD8830400B23314 /* XMLReader.m in Sources */,
				23354AAF1AD8830400B23314 /* SonosDiscover.m in Sources */,
			);
			runOnlyForDeploymentPostprocessing = 0;
		};
		23350EAF1AA2C6C200485199 /* Sources */ = {
			isa = PBXSourcesBuildPhase;
			buildActionMask = 2147483647;
			files = (
				23354ABA1AD8831000B23314 /* SonosBarTests.swift in Sources */,
			);
			runOnlyForDeploymentPostprocessing = 0;
		};
/* End PBXSourcesBuildPhase section */

/* Begin PBXTargetDependency section */
		23350EB51AA2C6C200485199 /* PBXTargetDependency */ = {
			isa = PBXTargetDependency;
			target = 23350EA01AA2C6C200485199 /* SonosBar */;
			targetProxy = 23350EB41AA2C6C200485199 /* PBXContainerItemProxy */;
		};
/* End PBXTargetDependency section */

/* Begin PBXVariantGroup section */
		23354AA71AD8830400B23314 /* Main.storyboard */ = {
			isa = PBXVariantGroup;
			children = (
				23354AA81AD8830400B23314 /* Base */,
			);
			name = Main.storyboard;
			sourceTree = "<group>";
		};
/* End PBXVariantGroup section */

/* Begin XCBuildConfiguration section */
		23350EBB1AA2C6C200485199 /* Debug */ = {
			isa = XCBuildConfiguration;
			buildSettings = {
				ALWAYS_SEARCH_USER_PATHS = NO;
				CLANG_CXX_LANGUAGE_STANDARD = "gnu++0x";
				CLANG_CXX_LIBRARY = "libc++";
				CLANG_ENABLE_MODULES = YES;
				CLANG_ENABLE_OBJC_ARC = YES;
				CLANG_WARN_BOOL_CONVERSION = YES;
				CLANG_WARN_CONSTANT_CONVERSION = YES;
				CLANG_WARN_DIRECT_OBJC_ISA_USAGE = YES_ERROR;
				CLANG_WARN_EMPTY_BODY = YES;
				CLANG_WARN_ENUM_CONVERSION = YES;
				CLANG_WARN_INT_CONVERSION = YES;
				CLANG_WARN_OBJC_ROOT_CLASS = YES_ERROR;
				CLANG_WARN_UNREACHABLE_CODE = YES;
				CLANG_WARN__DUPLICATE_METHOD_MATCH = YES;
				CODE_SIGN_IDENTITY = "-";
				COPY_PHASE_STRIP = NO;
				ENABLE_STRICT_OBJC_MSGSEND = YES;
				GCC_C_LANGUAGE_STANDARD = gnu99;
				GCC_DYNAMIC_NO_PIC = NO;
				GCC_OPTIMIZATION_LEVEL = 0;
				GCC_PREPROCESSOR_DEFINITIONS = (
					"DEBUG=1",
					"$(inherited)",
				);
				GCC_SYMBOLS_PRIVATE_EXTERN = NO;
				GCC_WARN_64_TO_32_BIT_CONVERSION = YES;
				GCC_WARN_ABOUT_RETURN_TYPE = YES_ERROR;
				GCC_WARN_UNDECLARED_SELECTOR = YES;
				GCC_WARN_UNINITIALIZED_AUTOS = YES_AGGRESSIVE;
				GCC_WARN_UNUSED_FUNCTION = YES;
				GCC_WARN_UNUSED_VARIABLE = YES;
				MACOSX_DEPLOYMENT_TARGET = 10.10;
				MTL_ENABLE_DEBUG_INFO = YES;
				ONLY_ACTIVE_ARCH = YES;
				SDKROOT = macosx;
				SWIFT_OPTIMIZATION_LEVEL = "-Onone";
			};
			name = Debug;
		};
		23350EBC1AA2C6C200485199 /* Release */ = {
			isa = XCBuildConfiguration;
			buildSettings = {
				ALWAYS_SEARCH_USER_PATHS = NO;
				CLANG_CXX_LANGUAGE_STANDARD = "gnu++0x";
				CLANG_CXX_LIBRARY = "libc++";
				CLANG_ENABLE_MODULES = YES;
				CLANG_ENABLE_OBJC_ARC = YES;
				CLANG_WARN_BOOL_CONVERSION = YES;
				CLANG_WARN_CONSTANT_CONVERSION = YES;
				CLANG_WARN_DIRECT_OBJC_ISA_USAGE = YES_ERROR;
				CLANG_WARN_EMPTY_BODY = YES;
				CLANG_WARN_ENUM_CONVERSION = YES;
				CLANG_WARN_INT_CONVERSION = YES;
				CLANG_WARN_OBJC_ROOT_CLASS = YES_ERROR;
				CLANG_WARN_UNREACHABLE_CODE = YES;
				CLANG_WARN__DUPLICATE_METHOD_MATCH = YES;
				CODE_SIGN_IDENTITY = "-";
				COPY_PHASE_STRIP = YES;
				DEBUG_INFORMATION_FORMAT = "dwarf-with-dsym";
				ENABLE_NS_ASSERTIONS = NO;
				ENABLE_STRICT_OBJC_MSGSEND = YES;
				GCC_C_LANGUAGE_STANDARD = gnu99;
				GCC_WARN_64_TO_32_BIT_CONVERSION = YES;
				GCC_WARN_ABOUT_RETURN_TYPE = YES_ERROR;
				GCC_WARN_UNDECLARED_SELECTOR = YES;
				GCC_WARN_UNINITIALIZED_AUTOS = YES_AGGRESSIVE;
				GCC_WARN_UNUSED_FUNCTION = YES;
				GCC_WARN_UNUSED_VARIABLE = YES;
				MACOSX_DEPLOYMENT_TARGET = 10.10;
				MTL_ENABLE_DEBUG_INFO = NO;
				SDKROOT = macosx;
			};
			name = Release;
		};
		23350EBE1AA2C6C200485199 /* Debug */ = {
			isa = XCBuildConfiguration;
			baseConfigurationReference = 11539C02C406E767733A578D /* Pods.debug.xcconfig */;
			buildSettings = {
				ASSETCATALOG_COMPILER_APPICON_NAME = AppIcon;
				COMBINE_HIDPI_IMAGES = YES;
				INFOPLIST_FILE = "$(SRCROOT)/SonosBar/Resources/Info.plist";
				LD_RUNPATH_SEARCH_PATHS = "$(inherited) @executable_path/../Frameworks";
				PRODUCT_NAME = SonosBar;
				SWIFT_OBJC_BRIDGING_HEADER = "SonosBar/Application/SonosBar-Bridging-Header.h";
			};
			name = Debug;
		};
		23350EBF1AA2C6C200485199 /* Release */ = {
			isa = XCBuildConfiguration;
			baseConfigurationReference = 0BEC11E1C5B092FC6661141E /* Pods.release.xcconfig */;
			buildSettings = {
				ASSETCATALOG_COMPILER_APPICON_NAME = AppIcon;
				COMBINE_HIDPI_IMAGES = YES;
				INFOPLIST_FILE = "$(SRCROOT)/SonosBar/Resources/Info.plist";
				LD_RUNPATH_SEARCH_PATHS = "$(inherited) @executable_path/../Frameworks";
				PRODUCT_NAME = SonosBar;
				SWIFT_OBJC_BRIDGING_HEADER = "SonosBar/Application/SonosBar-Bridging-Header.h";
			};
			name = Release;
		};
		23350EC11AA2C6C200485199 /* Debug */ = {
			isa = XCBuildConfiguration;
			baseConfigurationReference = 11539C02C406E767733A578D /* Pods.debug.xcconfig */;
			buildSettings = {
				BUNDLE_LOADER = "$(TEST_HOST)";
				COMBINE_HIDPI_IMAGES = YES;
				FRAMEWORK_SEARCH_PATHS = (
					"$(DEVELOPER_FRAMEWORKS_DIR)",
					"$(inherited)",
				);
				GCC_PREPROCESSOR_DEFINITIONS = (
					"DEBUG=1",
					"$(inherited)",
				);
				INFOPLIST_FILE = SonosBarTests/Info.plist;
				LD_RUNPATH_SEARCH_PATHS = "$(inherited) @executable_path/../Frameworks @loader_path/../Frameworks";
				PRODUCT_NAME = SonosBarTests;
				SWIFT_OBJC_BRIDGING_HEADER = "SonosBar/Application/SonosBar-Bridging-Header.h";
				TEST_HOST = "$(BUILT_PRODUCTS_DIR)/SonosBar.app/Contents/MacOS/SonosBar";
			};
			name = Debug;
		};
		23350EC21AA2C6C200485199 /* Release */ = {
			isa = XCBuildConfiguration;
			baseConfigurationReference = 0BEC11E1C5B092FC6661141E /* Pods.release.xcconfig */;
			buildSettings = {
				BUNDLE_LOADER = "$(TEST_HOST)";
				COMBINE_HIDPI_IMAGES = YES;
				FRAMEWORK_SEARCH_PATHS = (
					"$(DEVELOPER_FRAMEWORKS_DIR)",
					"$(inherited)",
				);
				INFOPLIST_FILE = SonosBarTests/Info.plist;
				LD_RUNPATH_SEARCH_PATHS = "$(inherited) @executable_path/../Frameworks @loader_path/../Frameworks";
				PRODUCT_NAME = SonosBarTests;
				SWIFT_OBJC_BRIDGING_HEADER = "SonosBar/Application/SonosBar-Bridging-Header.h";
				TEST_HOST = "$(BUILT_PRODUCTS_DIR)/SonosBar.app/Contents/MacOS/SonosBar";
			};
			name = Release;
		};
/* End XCBuildConfiguration section */

/* Begin XCConfigurationList section */
		23350E9C1AA2C6C200485199 /* Build configuration list for PBXProject "SonosBar" */ = {
			isa = XCConfigurationList;
			buildConfigurations = (
				23350EBB1AA2C6C200485199 /* Debug */,
				23350EBC1AA2C6C200485199 /* Release */,
			);
			defaultConfigurationIsVisible = 0;
			defaultConfigurationName = Release;
		};
		23350EBD1AA2C6C200485199 /* Build configuration list for PBXNativeTarget "SonosBar" */ = {
			isa = XCConfigurationList;
			buildConfigurations = (
				23350EBE1AA2C6C200485199 /* Debug */,
				23350EBF1AA2C6C200485199 /* Release */,
			);
			defaultConfigurationIsVisible = 0;
			defaultConfigurationName = Release;
		};
		23350EC01AA2C6C200485199 /* Build configuration list for PBXNativeTarget "SonosBarTests" */ = {
			isa = XCConfigurationList;
			buildConfigurations = (
				23350EC11AA2C6C200485199 /* Debug */,
				23350EC21AA2C6C200485199 /* Release */,
			);
			defaultConfigurationIsVisible = 0;
			defaultConfigurationName = Release;
		};
/* End XCConfigurationList section */
	};
	rootObject = 23350E991AA2C6C200485199 /* Project object */;
}
